
Microsoft Visual Studio Solution File, Format Version 12.00
# Visual Studio Version 17
VisualStudioVersion = 17.14.36109.1
MinimumVisualStudioVersion = 10.0.40219.1
Project("{FAE04EC0-301F-11D3-BF4B-00C04F79EFBC}") = "Catalog.Api", "Catalog.Api\Catalog.Api.csproj", "{64D3B51B-963F-4664-943A-7B1A8FC69261}"
EndProject
Project("{FAE04EC0-301F-11D3-BF4B-00C04F79EFBC}") = "Catalog.Domain", "Catalog.Domain\Catalog.Domain.csproj", "{91232E5E-08D0-4556-B89B-11DED8E4B517}"
EndProject
Project("{FAE04EC0-301F-11D3-BF4B-00C04F79EFBC}") = "Catalog.Application", "Catalog.Application\Catalog.Application.csproj", "{62BC6B88-069A-417A-AE09-885B2A5735F3}"
EndProject
Project("{FAE04EC0-301F-11D3-BF4B-00C04F79EFBC}") = "Catalog.Infrastructure", "Catalog.Infrastructure\Catalog.Infrastructure.csproj", "{25D96B5E-94A2-4025-9468-D6F0DC6346C7}"
EndProject
Project("{FAE04EC0-301F-11D3-BF4B-00C04F79EFBC}") = "Catalog.UnitTests", "Catalog.UnitTests\Catalog.UnitTests.csproj", "{F11109D9-0734-4A06-A422-C8AEB9ECDA1E}"
EndProject
Project("{FAE04EC0-301F-11D3-BF4B-00C04F79EFBC}") = "Catalog.IntegrationTests", "Catalog.IntegrationTests\Catalog.IntegrationTests.csproj", "{5616DD58-8A3C-48BA-AB6E-4E9718C63743}"
EndProject
Global
	GlobalSection(SolutionConfigurationPlatforms) = preSolution
		Debug|Any CPU = Debug|Any CPU
		Release|Any CPU = Release|Any CPU
	EndGlobalSection
	GlobalSection(ProjectConfigurationPlatforms) = postSolution
		{64D3B51B-963F-4664-943A-7B1A8FC69261}.Debug|Any CPU.ActiveCfg = Debug|Any CPU
		{64D3B51B-963F-4664-943A-7B1A8FC69261}.Debug|Any CPU.Build.0 = Debug|Any CPU
		{64D3B51B-963F-4664-943A-7B1A8FC69261}.Release|Any CPU.ActiveCfg = Release|Any CPU
		{64D3B51B-963F-4664-943A-7B1A8FC69261}.Release|Any CPU.Build.0 = Release|Any CPU
		{91232E5E-08D0-4556-B89B-11DED8E4B517}.Debug|Any CPU.ActiveCfg = Debug|Any CPU
		{91232E5E-08D0-4556-B89B-11DED8E4B517}.Debug|Any CPU.Build.0 = Debug|Any CPU
		{91232E5E-08D0-4556-B89B-11DED8E4B517}.Release|Any CPU.ActiveCfg = Release|Any CPU
		{91232E5E-08D0-4556-B89B-11DED8E4B517}.Release|Any CPU.Build.0 = Release|Any CPU
		{62BC6B88-069A-417A-AE09-885B2A5735F3}.Debug|Any CPU.ActiveCfg = Debug|Any CPU
		{62BC6B88-069A-417A-AE09-885B2A5735F3}.Debug|Any CPU.Build.0 = Debug|Any CPU
		{62BC6B88-069A-417A-AE09-885B2A5735F3}.Release|Any CPU.ActiveCfg = Release|Any CPU
		{62BC6B88-069A-417A-AE09-885B2A5735F3}.Release|Any CPU.Build.0 = Release|Any CPU
		{25D96B5E-94A2-4025-9468-D6F0DC6346C7}.Debug|Any CPU.ActiveCfg = Debug|Any CPU
		{25D96B5E-94A2-4025-9468-D6F0DC6346C7}.Debug|Any CPU.Build.0 = Debug|Any CPU
		{25D96B5E-94A2-4025-9468-D6F0DC6346C7}.Release|Any CPU.ActiveCfg = Release|Any CPU
		{25D96B5E-94A2-4025-9468-D6F0DC6346C7}.Release|Any CPU.Build.0 = Release|Any CPU
		{F11109D9-0734-4A06-A422-C8AEB9ECDA1E}.Debug|Any CPU.ActiveCfg = Debug|Any CPU
		{F11109D9-0734-4A06-A422-C8AEB9ECDA1E}.Debug|Any CPU.Build.0 = Debug|Any CPU
		{F11109D9-0734-4A06-A422-C8AEB9ECDA1E}.Release|Any CPU.ActiveCfg = Release|Any CPU
		{F11109D9-0734-4A06-A422-C8AEB9ECDA1E}.Release|Any CPU.Build.0 = Release|Any CPU
		{5616DD58-8A3C-48BA-AB6E-4E9718C63743}.Debug|Any CPU.ActiveCfg = Debug|Any CPU
		{5616DD58-8A3C-48BA-AB6E-4E9718C63743}.Debug|Any CPU.Build.0 = Debug|Any CPU
		{5616DD58-8A3C-48BA-AB6E-4E9718C63743}.Release|Any CPU.ActiveCfg = Release|Any CPU
		{5616DD58-8A3C-48BA-AB6E-4E9718C63743}.Release|Any CPU.Build.0 = Release|Any CPU
	EndGlobalSection
	GlobalSection(SolutionProperties) = preSolution
		HideSolutionNode = FALSE
	EndGlobalSection
	GlobalSection(ExtensibilityGlobals) = postSolution
		SolutionGuid = {3AB6709B-E617-44A7-B782-D645C4049019}
	EndGlobalSection
EndGlobal
