
Microsoft Visual Studio Solution File, Format Version 12.00
# Visual Studio Version 17
VisualStudioVersion = 17.14.36109.1
MinimumVisualStudioVersion = 10.0.40219.1
Project("{FAE04EC0-301F-11D3-BF4B-00C04F79EFBC}") = "Mercibus.Common", "Common\Mercibus.Common.csproj", "{120466A0-537D-4E21-86FB-676ED013D787}"
EndProject
Global
	GlobalSection(SolutionConfigurationPlatforms) = preSolution
		Debug|Any CPU = Debug|Any CPU
		Release|Any CPU = Release|Any CPU
	EndGlobalSection
	GlobalSection(ProjectConfigurationPlatforms) = postSolution
		{120466A0-537D-4E21-86FB-676ED013D787}.Debug|Any CPU.ActiveCfg = Debug|Any CPU
		{120466A0-537D-4E21-86FB-676ED013D787}.Debug|Any CPU.Build.0 = Debug|Any CPU
		{120466A0-537D-4E21-86FB-676ED013D787}.Release|Any CPU.ActiveCfg = Release|Any CPU
		{120466A0-537D-4E21-86FB-676ED013D787}.Release|Any CPU.Build.0 = Release|Any CPU
	EndGlobalSection
	GlobalSection(SolutionProperties) = preSolution
		HideSolutionNode = FALSE
	EndGlobalSection
	GlobalSection(ExtensibilityGlobals) = postSolution
		SolutionGuid = {760779C6-35A7-4A66-9E1B-16CC8F9A5EBE}
	EndGlobalSection
EndGlobal
