
Microsoft Visual Studio Solution File, Format Version 12.00
# Visual Studio Version 17
VisualStudioVersion = 17.14.36109.1
MinimumVisualStudioVersion = 10.0.40219.1
Project("{FAE04EC0-301F-11D3-BF4B-00C04F79EFBC}") = "Payments.Api", "Payments.Api\Payments.Api.csproj", "{B6403EA3-D20F-494C-A83E-3FC888CBFA61}"
EndProject
Project("{FAE04EC0-301F-11D3-BF4B-00C04F79EFBC}") = "Payments.Application", "Payments.Application\Payments.Application.csproj", "{8C77594B-CFDC-45F9-85CA-0E1B068C7D14}"
EndProject
Project("{FAE04EC0-301F-11D3-BF4B-00C04F79EFBC}") = "Payments.Infrastructure", "Payments.Infrastructure\Payments.Infrastructure.csproj", "{789D6C0C-B769-44A2-91FE-2418371312FA}"
EndProject
Project("{FAE04EC0-301F-11D3-BF4B-00C04F79EFBC}") = "Payments.Domain", "Payments.Domain\Payments.Domain.csproj", "{024B7813-E8EA-4887-9179-AABA507C14A1}"
EndProject
Project("{FAE04EC0-301F-11D3-BF4B-00C04F79EFBC}") = "Payments.UnitTests", "Payments.UnitTests\Payments.UnitTests.csproj", "{147DE9EF-EB85-4A6C-BAA9-20E5847AFB1F}"
EndProject
Global
	GlobalSection(SolutionConfigurationPlatforms) = preSolution
		Debug|Any CPU = Debug|Any CPU
		Release|Any CPU = Release|Any CPU
	EndGlobalSection
	GlobalSection(ProjectConfigurationPlatforms) = postSolution
		{B6403EA3-D20F-494C-A83E-3FC888CBFA61}.Debug|Any CPU.ActiveCfg = Debug|Any CPU
		{B6403EA3-D20F-494C-A83E-3FC888CBFA61}.Debug|Any CPU.Build.0 = Debug|Any CPU
		{B6403EA3-D20F-494C-A83E-3FC888CBFA61}.Release|Any CPU.ActiveCfg = Release|Any CPU
		{B6403EA3-D20F-494C-A83E-3FC888CBFA61}.Release|Any CPU.Build.0 = Release|Any CPU
		{8C77594B-CFDC-45F9-85CA-0E1B068C7D14}.Debug|Any CPU.ActiveCfg = Debug|Any CPU
		{8C77594B-CFDC-45F9-85CA-0E1B068C7D14}.Debug|Any CPU.Build.0 = Debug|Any CPU
		{8C77594B-CFDC-45F9-85CA-0E1B068C7D14}.Release|Any CPU.ActiveCfg = Release|Any CPU
		{8C77594B-CFDC-45F9-85CA-0E1B068C7D14}.Release|Any CPU.Build.0 = Release|Any CPU
		{789D6C0C-B769-44A2-91FE-2418371312FA}.Debug|Any CPU.ActiveCfg = Debug|Any CPU
		{789D6C0C-B769-44A2-91FE-2418371312FA}.Debug|Any CPU.Build.0 = Debug|Any CPU
		{789D6C0C-B769-44A2-91FE-2418371312FA}.Release|Any CPU.ActiveCfg = Release|Any CPU
		{789D6C0C-B769-44A2-91FE-2418371312FA}.Release|Any CPU.Build.0 = Release|Any CPU
		{024B7813-E8EA-4887-9179-AABA507C14A1}.Debug|Any CPU.ActiveCfg = Debug|Any CPU
		{024B7813-E8EA-4887-9179-AABA507C14A1}.Debug|Any CPU.Build.0 = Debug|Any CPU
		{024B7813-E8EA-4887-9179-AABA507C14A1}.Release|Any CPU.ActiveCfg = Release|Any CPU
		{024B7813-E8EA-4887-9179-AABA507C14A1}.Release|Any CPU.Build.0 = Release|Any CPU
		{147DE9EF-EB85-4A6C-BAA9-20E5847AFB1F}.Debug|Any CPU.ActiveCfg = Debug|Any CPU
		{147DE9EF-EB85-4A6C-BAA9-20E5847AFB1F}.Debug|Any CPU.Build.0 = Debug|Any CPU
		{147DE9EF-EB85-4A6C-BAA9-20E5847AFB1F}.Release|Any CPU.ActiveCfg = Release|Any CPU
		{147DE9EF-EB85-4A6C-BAA9-20E5847AFB1F}.Release|Any CPU.Build.0 = Release|Any CPU
	EndGlobalSection
	GlobalSection(SolutionProperties) = preSolution
		HideSolutionNode = FALSE
	EndGlobalSection
	GlobalSection(ExtensibilityGlobals) = postSolution
		SolutionGuid = {1AEECD66-0FCE-4055-A80A-4512B7ABE305}
	EndGlobalSection
EndGlobal
